// !$*UTF8*$!
{
	archiveVersion = 1;
	classes = {
	};
	objectVersion = 51;
	objects = {

/* Begin PBXBuildFile section */
		82AC3ACF4868AFCDFD885151 /* Pods_GradesGuru.framework in Frameworks */ = {isa = PBXBuildFile; fileRef = 0D6317678CEDB6447FC83BCA /* Pods_GradesGuru.framework */; };
		8EE21B712506C6000098795A /* GoogleService-Info.plist in Resources */ = {isa = PBXBuildFile; fileRef = 8EE21B702506C6000098795A /* GoogleService-Info.plist */; };
		8FDCA6DAC63894AD406322A7 /* Pods_GradesGuru_GradesGuruUITests.framework in Frameworks */ = {isa = PBXBuildFile; fileRef = FA0BC837CAA304C06B00BE0A /* Pods_GradesGuru_GradesGuruUITests.framework */; };
		C34C5E81251380D60024BE54 /* sideMenuCell.swift in Sources */ = {isa = PBXBuildFile; fileRef = C34C5E80251380D60024BE54 /* sideMenuCell.swift */; };
		C352B2002515FC81004321F1 /* Users.swift in Sources */ = {isa = PBXBuildFile; fileRef = C352B1FF2515FC81004321F1 /* Users.swift */; };
		C362423B252248DA00759DBB /* CardDetailsVC.swift in Sources */ = {isa = PBXBuildFile; fileRef = C362423A252248DA00759DBB /* CardDetailsVC.swift */; };
		C36B24032511038B006ED6E3 /* InitialPageViewController.swift in Sources */ = {isa = PBXBuildFile; fileRef = C36B24022511038B006ED6E3 /* InitialPageViewController.swift */; };
		C37642B4251BB358008F26C9 /* HomeTVCell.swift in Sources */ = {isa = PBXBuildFile; fileRef = C37642B3251BB358008F26C9 /* HomeTVCell.swift */; };
		C381EFBF2519F8A300C7E4C6 /* Muli-Bold.ttf in Resources */ = {isa = PBXBuildFile; fileRef = C381EFB12519F8A100C7E4C6 /* Muli-Bold.ttf */; };
		C381EFC02519F8A300C7E4C6 /* Muli-ExtraBold.ttf in Resources */ = {isa = PBXBuildFile; fileRef = C381EFB22519F8A100C7E4C6 /* Muli-ExtraBold.ttf */; };
		C381EFC12519F8A300C7E4C6 /* Muli-BlackItalic.ttf in Resources */ = {isa = PBXBuildFile; fileRef = C381EFB32519F8A100C7E4C6 /* Muli-BlackItalic.ttf */; };
		C381EFC22519F8A300C7E4C6 /* Muli-Regular.ttf in Resources */ = {isa = PBXBuildFile; fileRef = C381EFB42519F8A100C7E4C6 /* Muli-Regular.ttf */; };
		C381EFC32519F8A300C7E4C6 /* Muli-ExtraLightItalic.ttf in Resources */ = {isa = PBXBuildFile; fileRef = C381EFB52519F8A200C7E4C6 /* Muli-ExtraLightItalic.ttf */; };
		C381EFC42519F8A300C7E4C6 /* Muli-Light.ttf in Resources */ = {isa = PBXBuildFile; fileRef = C381EFB62519F8A200C7E4C6 /* Muli-Light.ttf */; };
		C381EFC52519F8A300C7E4C6 /* Muli-Italic.ttf in Resources */ = {isa = PBXBuildFile; fileRef = C381EFB72519F8A200C7E4C6 /* Muli-Italic.ttf */; };
		C381EFC62519F8A300C7E4C6 /* Muli-SemiBold.ttf in Resources */ = {isa = PBXBuildFile; fileRef = C381EFB82519F8A200C7E4C6 /* Muli-SemiBold.ttf */; };
		C381EFC72519F8A300C7E4C6 /* Muli-ExtraBoldItalic.ttf in Resources */ = {isa = PBXBuildFile; fileRef = C381EFB92519F8A200C7E4C6 /* Muli-ExtraBoldItalic.ttf */; };
		C381EFC82519F8A300C7E4C6 /* Muli-LightItalic.ttf in Resources */ = {isa = PBXBuildFile; fileRef = C381EFBA2519F8A200C7E4C6 /* Muli-LightItalic.ttf */; };
		C381EFC92519F8A300C7E4C6 /* Muli-ExtraLight.ttf in Resources */ = {isa = PBXBuildFile; fileRef = C381EFBB2519F8A200C7E4C6 /* Muli-ExtraLight.ttf */; };
		C381EFCA2519F8A300C7E4C6 /* Muli-SemiBoldItalic.ttf in Resources */ = {isa = PBXBuildFile; fileRef = C381EFBC2519F8A200C7E4C6 /* Muli-SemiBoldItalic.ttf */; };
		C381EFCB2519F8A300C7E4C6 /* Muli-Black.ttf in Resources */ = {isa = PBXBuildFile; fileRef = C381EFBD2519F8A200C7E4C6 /* Muli-Black.ttf */; };
		C381EFCC2519F8A300C7E4C6 /* Muli-BoldItalic.ttf in Resources */ = {isa = PBXBuildFile; fileRef = C381EFBE2519F8A300C7E4C6 /* Muli-BoldItalic.ttf */; };
		C381EFCE251A5DB400C7E4C6 /* HomeMaster.swift in Sources */ = {isa = PBXBuildFile; fileRef = C381EFCD251A5DB400C7E4C6 /* HomeMaster.swift */; };
		C381EFD0251A600100C7E4C6 /* ScanDetails.swift in Sources */ = {isa = PBXBuildFile; fileRef = C381EFCF251A600100C7E4C6 /* ScanDetails.swift */; };
		C381EFD2251A640E00C7E4C6 /* CenteringDetails.swift in Sources */ = {isa = PBXBuildFile; fileRef = C381EFD1251A640E00C7E4C6 /* CenteringDetails.swift */; };
		C381EFD4251A664800C7E4C6 /* CornersMaster.swift in Sources */ = {isa = PBXBuildFile; fileRef = C381EFD3251A664800C7E4C6 /* CornersMaster.swift */; };
		C381EFD7251A686500C7E4C6 /* SurfaceMaster.swift in Sources */ = {isa = PBXBuildFile; fileRef = C381EFD6251A686500C7E4C6 /* SurfaceMaster.swift */; };
		C381EFD9251A6A2800C7E4C6 /* EdgesMaster.swift in Sources */ = {isa = PBXBuildFile; fileRef = C381EFD8251A6A2800C7E4C6 /* EdgesMaster.swift */; };
		C381EFDB251A6B3700C7E4C6 /* CardDetailsMaster.swift in Sources */ = {isa = PBXBuildFile; fileRef = C381EFDA251A6B3700C7E4C6 /* CardDetailsMaster.swift */; };
		C38D9B432511C82600BE981A /* WebKit.framework in Frameworks */ = {isa = PBXBuildFile; fileRef = C38D9B422511C82600BE981A /* WebKit.framework */; };
		C38D9B452511D8F800BE981A /* OnboardingImage.svg in Resources */ = {isa = PBXBuildFile; fileRef = C38D9B442511D8F800BE981A /* OnboardingImage.svg */; };
		C38D9B472512106D00BE981A /* LetsGo.swift in Sources */ = {isa = PBXBuildFile; fileRef = C38D9B462512106D00BE981A /* LetsGo.swift */; };
		C38D9B492512732F00BE981A /* HomePageVC.swift in Sources */ = {isa = PBXBuildFile; fileRef = C38D9B482512732F00BE981A /* HomePageVC.swift */; };
		C38D9B4D251279F500BE981A /* SideMenuTVC.swift in Sources */ = {isa = PBXBuildFile; fileRef = C38D9B4C251279F500BE981A /* SideMenuTVC.swift */; };
		C3BEF0FC251910DF008BEFC1 /* AboutUsVC.swift in Sources */ = {isa = PBXBuildFile; fileRef = C3BEF0FB251910DF008BEFC1 /* AboutUsVC.swift */; };
		C3BEF0FE251912CB008BEFC1 /* GoProVC.swift in Sources */ = {isa = PBXBuildFile; fileRef = C3BEF0FD251912CB008BEFC1 /* GoProVC.swift */; };
		C3C1404124E86BBC005046E9 /* AppDelegate.swift in Sources */ = {isa = PBXBuildFile; fileRef = C3C1404024E86BBC005046E9 /* AppDelegate.swift */; };
		C3C1404324E86BBC005046E9 /* SceneDelegate.swift in Sources */ = {isa = PBXBuildFile; fileRef = C3C1404224E86BBC005046E9 /* SceneDelegate.swift */; };
		C3C1404524E86BBC005046E9 /* ViewController.swift in Sources */ = {isa = PBXBuildFile; fileRef = C3C1404424E86BBC005046E9 /* ViewController.swift */; };
		C3C1404824E86BBC005046E9 /* Main.storyboard in Resources */ = {isa = PBXBuildFile; fileRef = C3C1404624E86BBC005046E9 /* Main.storyboard */; };
		C3C1404A24E86BC0005046E9 /* Assets.xcassets in Resources */ = {isa = PBXBuildFile; fileRef = C3C1404924E86BC0005046E9 /* Assets.xcassets */; };
		C3C1404D24E86BC0005046E9 /* LaunchScreen.storyboard in Resources */ = {isa = PBXBuildFile; fileRef = C3C1404B24E86BC0005046E9 /* LaunchScreen.storyboard */; };
		C3C1405824E86BC0005046E9 /* GradesGuruTests.swift in Sources */ = {isa = PBXBuildFile; fileRef = C3C1405724E86BC0005046E9 /* GradesGuruTests.swift */; };
		C3C1406324E86BC0005046E9 /* GradesGuruUITests.swift in Sources */ = {isa = PBXBuildFile; fileRef = C3C1406224E86BC0005046E9 /* GradesGuruUITests.swift */; };
		C3C1407424E86E21005046E9 /* ScanImage.swift in Sources */ = {isa = PBXBuildFile; fileRef = C3C1407324E86E21005046E9 /* ScanImage.swift */; };
		C3C1407624E86E34005046E9 /* Centering.swift in Sources */ = {isa = PBXBuildFile; fileRef = C3C1407524E86E34005046E9 /* Centering.swift */; };
		C3C1407824E86E43005046E9 /* Corners.swift in Sources */ = {isa = PBXBuildFile; fileRef = C3C1407724E86E43005046E9 /* Corners.swift */; };
		C3C1407A24E86E56005046E9 /* Surface.swift in Sources */ = {isa = PBXBuildFile; fileRef = C3C1407924E86E56005046E9 /* Surface.swift */; };
		C3C1407C24E86E66005046E9 /* Edges.swift in Sources */ = {isa = PBXBuildFile; fileRef = C3C1407B24E86E66005046E9 /* Edges.swift */; };
		C3C1407E24E87BE2005046E9 /* GradeEstimate.swift in Sources */ = {isa = PBXBuildFile; fileRef = C3C1407D24E87BE2005046E9 /* GradeEstimate.swift */; };
		C3C5597B24E8F98000AAEC41 /* Constants.swift in Sources */ = {isa = PBXBuildFile; fileRef = C3C5597A24E8F98000AAEC41 /* Constants.swift */; };
		C3C5598124E9A8AC00AAEC41 /* Login.storyboard in Resources */ = {isa = PBXBuildFile; fileRef = C3C5598024E9A8AC00AAEC41 /* Login.storyboard */; };
		C3C5598324E9BC0800AAEC41 /* LoginViewController.swift in Sources */ = {isa = PBXBuildFile; fileRef = C3C5598224E9BC0800AAEC41 /* LoginViewController.swift */; };
		C3DCA239252CD7740001A3C0 /* SelectCellVC.swift in Sources */ = {isa = PBXBuildFile; fileRef = C3DCA238252CD7740001A3C0 /* SelectCellVC.swift */; };
		C3FF9261BD329D4183D7E467 /* Pods_GradesGuruTests.framework in Frameworks */ = {isa = PBXBuildFile; fileRef = D5333CC9E42C80B1179A4BB4 /* Pods_GradesGuruTests.framework */; };
/* End PBXBuildFile section */

/* Begin PBXContainerItemProxy section */
		C3C1405424E86BC0005046E9 /* PBXContainerItemProxy */ = {
			isa = PBXContainerItemProxy;
			containerPortal = C3C1403524E86BBC005046E9 /* Project object */;
			proxyType = 1;
			remoteGlobalIDString = C3C1403C24E86BBC005046E9;
			remoteInfo = GradesGuru;
		};
		C3C1405F24E86BC0005046E9 /* PBXContainerItemProxy */ = {
			isa = PBXContainerItemProxy;
			containerPortal = C3C1403524E86BBC005046E9 /* Project object */;
			proxyType = 1;
			remoteGlobalIDString = C3C1403C24E86BBC005046E9;
			remoteInfo = GradesGuru;
		};
/* End PBXContainerItemProxy section */

/* Begin PBXFileReference section */
		0D6317678CEDB6447FC83BCA /* Pods_GradesGuru.framework */ = {isa = PBXFileReference; explicitFileType = wrapper.framework; includeInIndex = 0; path = Pods_GradesGuru.framework; sourceTree = BUILT_PRODUCTS_DIR; };
		30DB77B627F6E9FA6B83DC02 /* Pods-GradesGuruTests.release.xcconfig */ = {isa = PBXFileReference; includeInIndex = 1; lastKnownFileType = text.xcconfig; name = "Pods-GradesGuruTests.release.xcconfig"; path = "Target Support Files/Pods-GradesGuruTests/Pods-GradesGuruTests.release.xcconfig"; sourceTree = "<group>"; };
		80EC47DE7E36AC310689C79F /* Pods-GradesGuru.debug.xcconfig */ = {isa = PBXFileReference; includeInIndex = 1; lastKnownFileType = text.xcconfig; name = "Pods-GradesGuru.debug.xcconfig"; path = "Target Support Files/Pods-GradesGuru/Pods-GradesGuru.debug.xcconfig"; sourceTree = "<group>"; };
		8BAF3B5A8AD3D1297850B152 /* Pods-GradesGuru-GradesGuruUITests.release.xcconfig */ = {isa = PBXFileReference; includeInIndex = 1; lastKnownFileType = text.xcconfig; name = "Pods-GradesGuru-GradesGuruUITests.release.xcconfig"; path = "Target Support Files/Pods-GradesGuru-GradesGuruUITests/Pods-GradesGuru-GradesGuruUITests.release.xcconfig"; sourceTree = "<group>"; };
		8EE21B702506C6000098795A /* GoogleService-Info.plist */ = {isa = PBXFileReference; fileEncoding = 4; lastKnownFileType = text.plist.xml; path = "GoogleService-Info.plist"; sourceTree = "<group>"; };
		B5EB8F279B28A894C2190EA7 /* Pods-GradesGuruTests.debug.xcconfig */ = {isa = PBXFileReference; includeInIndex = 1; lastKnownFileType = text.xcconfig; name = "Pods-GradesGuruTests.debug.xcconfig"; path = "Target Support Files/Pods-GradesGuruTests/Pods-GradesGuruTests.debug.xcconfig"; sourceTree = "<group>"; };
		B7A8061A4E4F7A70D59F7919 /* Pods-GradesGuru-GradesGuruUITests.debug.xcconfig */ = {isa = PBXFileReference; includeInIndex = 1; lastKnownFileType = text.xcconfig; name = "Pods-GradesGuru-GradesGuruUITests.debug.xcconfig"; path = "Target Support Files/Pods-GradesGuru-GradesGuruUITests/Pods-GradesGuru-GradesGuruUITests.debug.xcconfig"; sourceTree = "<group>"; };
		C34C5E80251380D60024BE54 /* sideMenuCell.swift */ = {isa = PBXFileReference; lastKnownFileType = sourcecode.swift; path = sideMenuCell.swift; sourceTree = "<group>"; };
		C352B1FF2515FC81004321F1 /* Users.swift */ = {isa = PBXFileReference; lastKnownFileType = sourcecode.swift; path = Users.swift; sourceTree = "<group>"; };
		C362423A252248DA00759DBB /* CardDetailsVC.swift */ = {isa = PBXFileReference; lastKnownFileType = sourcecode.swift; path = CardDetailsVC.swift; sourceTree = "<group>"; };
		C36B24022511038B006ED6E3 /* InitialPageViewController.swift */ = {isa = PBXFileReference; lastKnownFileType = sourcecode.swift; path = InitialPageViewController.swift; sourceTree = "<group>"; };
		C37642B3251BB358008F26C9 /* HomeTVCell.swift */ = {isa = PBXFileReference; lastKnownFileType = sourcecode.swift; path = HomeTVCell.swift; sourceTree = "<group>"; };
		C381EFB12519F8A100C7E4C6 /* Muli-Bold.ttf */ = {isa = PBXFileReference; lastKnownFileType = file; path = "Muli-Bold.ttf"; sourceTree = "<group>"; };
		C381EFB22519F8A100C7E4C6 /* Muli-ExtraBold.ttf */ = {isa = PBXFileReference; lastKnownFileType = file; path = "Muli-ExtraBold.ttf"; sourceTree = "<group>"; };
		C381EFB32519F8A100C7E4C6 /* Muli-BlackItalic.ttf */ = {isa = PBXFileReference; lastKnownFileType = file; path = "Muli-BlackItalic.ttf"; sourceTree = "<group>"; };
		C381EFB42519F8A100C7E4C6 /* Muli-Regular.ttf */ = {isa = PBXFileReference; lastKnownFileType = file; path = "Muli-Regular.ttf"; sourceTree = "<group>"; };
		C381EFB52519F8A200C7E4C6 /* Muli-ExtraLightItalic.ttf */ = {isa = PBXFileReference; lastKnownFileType = file; path = "Muli-ExtraLightItalic.ttf"; sourceTree = "<group>"; };
		C381EFB62519F8A200C7E4C6 /* Muli-Light.ttf */ = {isa = PBXFileReference; lastKnownFileType = file; path = "Muli-Light.ttf"; sourceTree = "<group>"; };
		C381EFB72519F8A200C7E4C6 /* Muli-Italic.ttf */ = {isa = PBXFileReference; lastKnownFileType = file; path = "Muli-Italic.ttf"; sourceTree = "<group>"; };
		C381EFB82519F8A200C7E4C6 /* Muli-SemiBold.ttf */ = {isa = PBXFileReference; lastKnownFileType = file; path = "Muli-SemiBold.ttf"; sourceTree = "<group>"; };
		C381EFB92519F8A200C7E4C6 /* Muli-ExtraBoldItalic.ttf */ = {isa = PBXFileReference; lastKnownFileType = file; path = "Muli-ExtraBoldItalic.ttf"; sourceTree = "<group>"; };
		C381EFBA2519F8A200C7E4C6 /* Muli-LightItalic.ttf */ = {isa = PBXFileReference; lastKnownFileType = file; path = "Muli-LightItalic.ttf"; sourceTree = "<group>"; };
		C381EFBB2519F8A200C7E4C6 /* Muli-ExtraLight.ttf */ = {isa = PBXFileReference; lastKnownFileType = file; path = "Muli-ExtraLight.ttf"; sourceTree = "<group>"; };
		C381EFBC2519F8A200C7E4C6 /* Muli-SemiBoldItalic.ttf */ = {isa = PBXFileReference; lastKnownFileType = file; path = "Muli-SemiBoldItalic.ttf"; sourceTree = "<group>"; };
		C381EFBD2519F8A200C7E4C6 /* Muli-Black.ttf */ = {isa = PBXFileReference; lastKnownFileType = file; path = "Muli-Black.ttf"; sourceTree = "<group>"; };
		C381EFBE2519F8A300C7E4C6 /* Muli-BoldItalic.ttf */ = {isa = PBXFileReference; lastKnownFileType = file; path = "Muli-BoldItalic.ttf"; sourceTree = "<group>"; };
		C381EFCD251A5DB400C7E4C6 /* HomeMaster.swift */ = {isa = PBXFileReference; lastKnownFileType = sourcecode.swift; path = HomeMaster.swift; sourceTree = "<group>"; };
		C381EFCF251A600100C7E4C6 /* ScanDetails.swift */ = {isa = PBXFileReference; lastKnownFileType = sourcecode.swift; path = ScanDetails.swift; sourceTree = "<group>"; };
		C381EFD1251A640E00C7E4C6 /* CenteringDetails.swift */ = {isa = PBXFileReference; lastKnownFileType = sourcecode.swift; path = CenteringDetails.swift; sourceTree = "<group>"; };
		C381EFD3251A664800C7E4C6 /* CornersMaster.swift */ = {isa = PBXFileReference; lastKnownFileType = sourcecode.swift; path = CornersMaster.swift; sourceTree = "<group>"; };
		C381EFD6251A686500C7E4C6 /* SurfaceMaster.swift */ = {isa = PBXFileReference; lastKnownFileType = sourcecode.swift; path = SurfaceMaster.swift; sourceTree = "<group>"; };
		C381EFD8251A6A2800C7E4C6 /* EdgesMaster.swift */ = {isa = PBXFileReference; lastKnownFileType = sourcecode.swift; path = EdgesMaster.swift; sourceTree = "<group>"; };
		C381EFDA251A6B3700C7E4C6 /* CardDetailsMaster.swift */ = {isa = PBXFileReference; lastKnownFileType = sourcecode.swift; path = CardDetailsMaster.swift; sourceTree = "<group>"; };
		C38D9B422511C82600BE981A /* WebKit.framework */ = {isa = PBXFileReference; lastKnownFileType = wrapper.framework; name = WebKit.framework; path = System/Library/Frameworks/WebKit.framework; sourceTree = SDKROOT; };
		C38D9B442511D8F800BE981A /* OnboardingImage.svg */ = {isa = PBXFileReference; fileEncoding = 4; lastKnownFileType = text; path = OnboardingImage.svg; sourceTree = "<group>"; };
		C38D9B462512106D00BE981A /* LetsGo.swift */ = {isa = PBXFileReference; lastKnownFileType = sourcecode.swift; path = LetsGo.swift; sourceTree = "<group>"; };
		C38D9B482512732F00BE981A /* HomePageVC.swift */ = {isa = PBXFileReference; lastKnownFileType = sourcecode.swift; path = HomePageVC.swift; sourceTree = "<group>"; };
		C38D9B4C251279F500BE981A /* SideMenuTVC.swift */ = {isa = PBXFileReference; lastKnownFileType = sourcecode.swift; path = SideMenuTVC.swift; sourceTree = "<group>"; };
		C3BEF0FB251910DF008BEFC1 /* AboutUsVC.swift */ = {isa = PBXFileReference; lastKnownFileType = sourcecode.swift; path = AboutUsVC.swift; sourceTree = "<group>"; };
		C3BEF0FD251912CB008BEFC1 /* GoProVC.swift */ = {isa = PBXFileReference; lastKnownFileType = sourcecode.swift; path = GoProVC.swift; sourceTree = "<group>"; };
		C3C1403D24E86BBC005046E9 /* GradesGuru.app */ = {isa = PBXFileReference; explicitFileType = wrapper.application; includeInIndex = 0; path = GradesGuru.app; sourceTree = BUILT_PRODUCTS_DIR; };
		C3C1404024E86BBC005046E9 /* AppDelegate.swift */ = {isa = PBXFileReference; lastKnownFileType = sourcecode.swift; path = AppDelegate.swift; sourceTree = "<group>"; };
		C3C1404224E86BBC005046E9 /* SceneDelegate.swift */ = {isa = PBXFileReference; lastKnownFileType = sourcecode.swift; path = SceneDelegate.swift; sourceTree = "<group>"; };
		C3C1404424E86BBC005046E9 /* ViewController.swift */ = {isa = PBXFileReference; lastKnownFileType = sourcecode.swift; path = ViewController.swift; sourceTree = "<group>"; };
		C3C1404724E86BBC005046E9 /* Base */ = {isa = PBXFileReference; lastKnownFileType = file.storyboard; name = Base; path = Base.lproj/Main.storyboard; sourceTree = "<group>"; };
		C3C1404924E86BC0005046E9 /* Assets.xcassets */ = {isa = PBXFileReference; lastKnownFileType = folder.assetcatalog; path = Assets.xcassets; sourceTree = "<group>"; };
		C3C1404C24E86BC0005046E9 /* Base */ = {isa = PBXFileReference; lastKnownFileType = file.storyboard; name = Base; path = Base.lproj/LaunchScreen.storyboard; sourceTree = "<group>"; };
		C3C1404E24E86BC0005046E9 /* Info.plist */ = {isa = PBXFileReference; lastKnownFileType = text.plist.xml; path = Info.plist; sourceTree = "<group>"; };
		C3C1405324E86BC0005046E9 /* GradesGuruTests.xctest */ = {isa = PBXFileReference; explicitFileType = wrapper.cfbundle; includeInIndex = 0; path = GradesGuruTests.xctest; sourceTree = BUILT_PRODUCTS_DIR; };
		C3C1405724E86BC0005046E9 /* GradesGuruTests.swift */ = {isa = PBXFileReference; lastKnownFileType = sourcecode.swift; path = GradesGuruTests.swift; sourceTree = "<group>"; };
		C3C1405924E86BC0005046E9 /* Info.plist */ = {isa = PBXFileReference; lastKnownFileType = text.plist.xml; path = Info.plist; sourceTree = "<group>"; };
		C3C1405E24E86BC0005046E9 /* GradesGuruUITests.xctest */ = {isa = PBXFileReference; explicitFileType = wrapper.cfbundle; includeInIndex = 0; path = GradesGuruUITests.xctest; sourceTree = BUILT_PRODUCTS_DIR; };
		C3C1406224E86BC0005046E9 /* GradesGuruUITests.swift */ = {isa = PBXFileReference; lastKnownFileType = sourcecode.swift; path = GradesGuruUITests.swift; sourceTree = "<group>"; };
		C3C1406424E86BC0005046E9 /* Info.plist */ = {isa = PBXFileReference; lastKnownFileType = text.plist.xml; path = Info.plist; sourceTree = "<group>"; };
		C3C1407324E86E21005046E9 /* ScanImage.swift */ = {isa = PBXFileReference; lastKnownFileType = sourcecode.swift; path = ScanImage.swift; sourceTree = "<group>"; };
		C3C1407524E86E34005046E9 /* Centering.swift */ = {isa = PBXFileReference; lastKnownFileType = sourcecode.swift; path = Centering.swift; sourceTree = "<group>"; };
		C3C1407724E86E43005046E9 /* Corners.swift */ = {isa = PBXFileReference; lastKnownFileType = sourcecode.swift; path = Corners.swift; sourceTree = "<group>"; };
		C3C1407924E86E56005046E9 /* Surface.swift */ = {isa = PBXFileReference; lastKnownFileType = sourcecode.swift; path = Surface.swift; sourceTree = "<group>"; };
		C3C1407B24E86E66005046E9 /* Edges.swift */ = {isa = PBXFileReference; lastKnownFileType = sourcecode.swift; path = Edges.swift; sourceTree = "<group>"; };
		C3C1407D24E87BE2005046E9 /* GradeEstimate.swift */ = {isa = PBXFileReference; lastKnownFileType = sourcecode.swift; path = GradeEstimate.swift; sourceTree = "<group>"; };
		C3C5597A24E8F98000AAEC41 /* Constants.swift */ = {isa = PBXFileReference; lastKnownFileType = sourcecode.swift; path = Constants.swift; sourceTree = "<group>"; };
		C3C5598024E9A8AC00AAEC41 /* Login.storyboard */ = {isa = PBXFileReference; lastKnownFileType = file.storyboard; path = Login.storyboard; sourceTree = "<group>"; };
		C3C5598224E9BC0800AAEC41 /* LoginViewController.swift */ = {isa = PBXFileReference; lastKnownFileType = sourcecode.swift; path = LoginViewController.swift; sourceTree = "<group>"; };
		C3DCA238252CD7740001A3C0 /* SelectCellVC.swift */ = {isa = PBXFileReference; lastKnownFileType = sourcecode.swift; path = SelectCellVC.swift; sourceTree = "<group>"; };
		CB0C566CD8FA040E584CEAC3 /* Pods-GradesGuru.release.xcconfig */ = {isa = PBXFileReference; includeInIndex = 1; lastKnownFileType = text.xcconfig; name = "Pods-GradesGuru.release.xcconfig"; path = "Target Support Files/Pods-GradesGuru/Pods-GradesGuru.release.xcconfig"; sourceTree = "<group>"; };
		D5333CC9E42C80B1179A4BB4 /* Pods_GradesGuruTests.framework */ = {isa = PBXFileReference; explicitFileType = wrapper.framework; includeInIndex = 0; path = Pods_GradesGuruTests.framework; sourceTree = BUILT_PRODUCTS_DIR; };
		FA0BC837CAA304C06B00BE0A /* Pods_GradesGuru_GradesGuruUITests.framework */ = {isa = PBXFileReference; explicitFileType = wrapper.framework; includeInIndex = 0; path = Pods_GradesGuru_GradesGuruUITests.framework; sourceTree = BUILT_PRODUCTS_DIR; };
/* End PBXFileReference section */

/* Begin PBXFrameworksBuildPhase section */
		C3C1403A24E86BBC005046E9 /* Frameworks */ = {
			isa = PBXFrameworksBuildPhase;
			buildActionMask = 2147483647;
			files = (
				C38D9B432511C82600BE981A /* WebKit.framework in Frameworks */,
				82AC3ACF4868AFCDFD885151 /* Pods_GradesGuru.framework in Frameworks */,
			);
			runOnlyForDeploymentPostprocessing = 0;
		};
		C3C1405024E86BC0005046E9 /* Frameworks */ = {
			isa = PBXFrameworksBuildPhase;
			buildActionMask = 2147483647;
			files = (
				C3FF9261BD329D4183D7E467 /* Pods_GradesGuruTests.framework in Frameworks */,
			);
			runOnlyForDeploymentPostprocessing = 0;
		};
		C3C1405B24E86BC0005046E9 /* Frameworks */ = {
			isa = PBXFrameworksBuildPhase;
			buildActionMask = 2147483647;
			files = (
				8FDCA6DAC63894AD406322A7 /* Pods_GradesGuru_GradesGuruUITests.framework in Frameworks */,
			);
			runOnlyForDeploymentPostprocessing = 0;
		};
/* End PBXFrameworksBuildPhase section */

/* Begin PBXGroup section */
		6B645DD4D519204F2FD028E1 /* Pods */ = {
			isa = PBXGroup;
			children = (
				80EC47DE7E36AC310689C79F /* Pods-GradesGuru.debug.xcconfig */,
				CB0C566CD8FA040E584CEAC3 /* Pods-GradesGuru.release.xcconfig */,
				B7A8061A4E4F7A70D59F7919 /* Pods-GradesGuru-GradesGuruUITests.debug.xcconfig */,
				8BAF3B5A8AD3D1297850B152 /* Pods-GradesGuru-GradesGuruUITests.release.xcconfig */,
				B5EB8F279B28A894C2190EA7 /* Pods-GradesGuruTests.debug.xcconfig */,
				30DB77B627F6E9FA6B83DC02 /* Pods-GradesGuruTests.release.xcconfig */,
			);
			path = Pods;
			sourceTree = "<group>";
		};
		6BF69A0E6FAD54CEE8F33546 /* Frameworks */ = {
			isa = PBXGroup;
			children = (
				C38D9B422511C82600BE981A /* WebKit.framework */,
				0D6317678CEDB6447FC83BCA /* Pods_GradesGuru.framework */,
				FA0BC837CAA304C06B00BE0A /* Pods_GradesGuru_GradesGuruUITests.framework */,
				D5333CC9E42C80B1179A4BB4 /* Pods_GradesGuruTests.framework */,
			);
			name = Frameworks;
			sourceTree = "<group>";
		};
		8ED551E32508E08000C6389E /* Assets */ = {
			isa = PBXGroup;
			children = (
				C38D9B442511D8F800BE981A /* OnboardingImage.svg */,
			);
			path = Assets;
			sourceTree = "<group>";
		};
		C34C5E7F251380B10024BE54 /* SubView */ = {
			isa = PBXGroup;
			children = (
				C34C5E80251380D60024BE54 /* sideMenuCell.swift */,
				C37642B3251BB358008F26C9 /* HomeTVCell.swift */,
			);
			path = SubView;
			sourceTree = "<group>";
		};
		C36B240425111DBA006ED6E3 /* Font */ = {
			isa = PBXGroup;
			children = (
				C381EFBD2519F8A200C7E4C6 /* Muli-Black.ttf */,
				C381EFB32519F8A100C7E4C6 /* Muli-BlackItalic.ttf */,
				C381EFB12519F8A100C7E4C6 /* Muli-Bold.ttf */,
				C381EFBE2519F8A300C7E4C6 /* Muli-BoldItalic.ttf */,
				C381EFB22519F8A100C7E4C6 /* Muli-ExtraBold.ttf */,
				C381EFB92519F8A200C7E4C6 /* Muli-ExtraBoldItalic.ttf */,
				C381EFBB2519F8A200C7E4C6 /* Muli-ExtraLight.ttf */,
				C381EFB52519F8A200C7E4C6 /* Muli-ExtraLightItalic.ttf */,
				C381EFB72519F8A200C7E4C6 /* Muli-Italic.ttf */,
				C381EFB62519F8A200C7E4C6 /* Muli-Light.ttf */,
				C381EFBA2519F8A200C7E4C6 /* Muli-LightItalic.ttf */,
				C381EFB42519F8A100C7E4C6 /* Muli-Regular.ttf */,
				C381EFB82519F8A200C7E4C6 /* Muli-SemiBold.ttf */,
				C381EFBC2519F8A200C7E4C6 /* Muli-SemiBoldItalic.ttf */,
			);
			path = Font;
			sourceTree = "<group>";
		};
		C381EFD5251A683C00C7E4C6 /* Masters */ = {
			isa = PBXGroup;
			children = (
				C352B1FF2515FC81004321F1 /* Users.swift */,
				C381EFCD251A5DB400C7E4C6 /* HomeMaster.swift */,
				C381EFCF251A600100C7E4C6 /* ScanDetails.swift */,
				C381EFD1251A640E00C7E4C6 /* CenteringDetails.swift */,
				C381EFD3251A664800C7E4C6 /* CornersMaster.swift */,
				C381EFD6251A686500C7E4C6 /* SurfaceMaster.swift */,
				C381EFD8251A6A2800C7E4C6 /* EdgesMaster.swift */,
				C381EFDA251A6B3700C7E4C6 /* CardDetailsMaster.swift */,
			);
			path = Masters;
			sourceTree = "<group>";
		};
		C3C1403424E86BBC005046E9 = {
			isa = PBXGroup;
			children = (
				C3C1403F24E86BBC005046E9 /* GradesGuru */,
				C3C1405624E86BC0005046E9 /* GradesGuruTests */,
				C3C1406124E86BC0005046E9 /* GradesGuruUITests */,
				C3C1403E24E86BBC005046E9 /* Products */,
				6B645DD4D519204F2FD028E1 /* Pods */,
				6BF69A0E6FAD54CEE8F33546 /* Frameworks */,
			);
			sourceTree = "<group>";
		};
		C3C1403E24E86BBC005046E9 /* Products */ = {
			isa = PBXGroup;
			children = (
				C3C1403D24E86BBC005046E9 /* GradesGuru.app */,
				C3C1405324E86BC0005046E9 /* GradesGuruTests.xctest */,
				C3C1405E24E86BC0005046E9 /* GradesGuruUITests.xctest */,
			);
			name = Products;
			sourceTree = "<group>";
		};
		C3C1403F24E86BBC005046E9 /* GradesGuru */ = {
			isa = PBXGroup;
			children = (
				C36B240425111DBA006ED6E3 /* Font */,
				8ED551E32508E08000C6389E /* Assets */,
				C3C1407224E86D15005046E9 /* Controllers */,
				C3C1407124E86D0B005046E9 /* View */,
				C3C1407024E86D02005046E9 /* Model */,
				C3C1404024E86BBC005046E9 /* AppDelegate.swift */,
				C3C1404224E86BBC005046E9 /* SceneDelegate.swift */,
				C3C1404924E86BC0005046E9 /* Assets.xcassets */,
				C3C1404B24E86BC0005046E9 /* LaunchScreen.storyboard */,
				C3C1404E24E86BC0005046E9 /* Info.plist */,
				8EE21B702506C6000098795A /* GoogleService-Info.plist */,
			);
			path = GradesGuru;
			sourceTree = "<group>";
		};
		C3C1405624E86BC0005046E9 /* GradesGuruTests */ = {
			isa = PBXGroup;
			children = (
				C3C1405724E86BC0005046E9 /* GradesGuruTests.swift */,
				C3C1405924E86BC0005046E9 /* Info.plist */,
			);
			path = GradesGuruTests;
			sourceTree = "<group>";
		};
		C3C1406124E86BC0005046E9 /* GradesGuruUITests */ = {
			isa = PBXGroup;
			children = (
				C3C1406224E86BC0005046E9 /* GradesGuruUITests.swift */,
				C3C1406424E86BC0005046E9 /* Info.plist */,
			);
			path = GradesGuruUITests;
			sourceTree = "<group>";
		};
		C3C1407024E86D02005046E9 /* Model */ = {
			isa = PBXGroup;
			children = (
				C381EFD5251A683C00C7E4C6 /* Masters */,
				C3C1407324E86E21005046E9 /* ScanImage.swift */,
				C3C1407524E86E34005046E9 /* Centering.swift */,
				C3C1407724E86E43005046E9 /* Corners.swift */,
				C3C1407924E86E56005046E9 /* Surface.swift */,
				C3C1407B24E86E66005046E9 /* Edges.swift */,
				C3C1407D24E87BE2005046E9 /* GradeEstimate.swift */,
				C3C5597A24E8F98000AAEC41 /* Constants.swift */,
			);
			path = Model;
			sourceTree = "<group>";
		};
		C3C1407124E86D0B005046E9 /* View */ = {
			isa = PBXGroup;
			children = (
				C34C5E7F251380B10024BE54 /* SubView */,
				C3C1404424E86BBC005046E9 /* ViewController.swift */,
				C3C5598224E9BC0800AAEC41 /* LoginViewController.swift */,
				C36B24022511038B006ED6E3 /* InitialPageViewController.swift */,
				C38D9B462512106D00BE981A /* LetsGo.swift */,
				C38D9B482512732F00BE981A /* HomePageVC.swift */,
				C38D9B4C251279F500BE981A /* SideMenuTVC.swift */,
				C3BEF0FB251910DF008BEFC1 /* AboutUsVC.swift */,
				C3BEF0FD251912CB008BEFC1 /* GoProVC.swift */,
				C362423A252248DA00759DBB /* CardDetailsVC.swift */,
				C3DCA238252CD7740001A3C0 /* SelectCellVC.swift */,
			);
			path = View;
			sourceTree = "<group>";
		};
		C3C1407224E86D15005046E9 /* Controllers */ = {
			isa = PBXGroup;
			children = (
				C3C1404624E86BBC005046E9 /* Main.storyboard */,
				C3C5598024E9A8AC00AAEC41 /* Login.storyboard */,
			);
			path = Controllers;
			sourceTree = "<group>";
		};
/* End PBXGroup section */

/* Begin PBXNativeTarget section */
		C3C1403C24E86BBC005046E9 /* GradesGuru */ = {
			isa = PBXNativeTarget;
			buildConfigurationList = C3C1406724E86BC0005046E9 /* Build configuration list for PBXNativeTarget "GradesGuru" */;
			buildPhases = (
				0ABDFC7776A4EBB39E74E753 /* [CP] Check Pods Manifest.lock */,
				C3C1403924E86BBC005046E9 /* Sources */,
				C3C1403A24E86BBC005046E9 /* Frameworks */,
				C3C1403B24E86BBC005046E9 /* Resources */,
				D85963A88839483782517B56 /* [CP] Embed Pods Frameworks */,
			);
			buildRules = (
			);
			dependencies = (
			);
			name = GradesGuru;
			productName = GradesGuru;
			productReference = C3C1403D24E86BBC005046E9 /* GradesGuru.app */;
			productType = "com.apple.product-type.application";
		};
		C3C1405224E86BC0005046E9 /* GradesGuruTests */ = {
			isa = PBXNativeTarget;
			buildConfigurationList = C3C1406A24E86BC0005046E9 /* Build configuration list for PBXNativeTarget "GradesGuruTests" */;
			buildPhases = (
				640251E6470E9251C707083D /* [CP] Check Pods Manifest.lock */,
				C3C1404F24E86BC0005046E9 /* Sources */,
				C3C1405024E86BC0005046E9 /* Frameworks */,
				C3C1405124E86BC0005046E9 /* Resources */,
			);
			buildRules = (
			);
			dependencies = (
				C3C1405524E86BC0005046E9 /* PBXTargetDependency */,
			);
			name = GradesGuruTests;
			productName = GradesGuruTests;
			productReference = C3C1405324E86BC0005046E9 /* GradesGuruTests.xctest */;
			productType = "com.apple.product-type.bundle.unit-test";
		};
		C3C1405D24E86BC0005046E9 /* GradesGuruUITests */ = {
			isa = PBXNativeTarget;
			buildConfigurationList = C3C1406D24E86BC0005046E9 /* Build configuration list for PBXNativeTarget "GradesGuruUITests" */;
			buildPhases = (
				A1C8501D546E05840B27C1BD /* [CP] Check Pods Manifest.lock */,
				C3C1405A24E86BC0005046E9 /* Sources */,
				C3C1405B24E86BC0005046E9 /* Frameworks */,
				C3C1405C24E86BC0005046E9 /* Resources */,
				156860A82B1392CB22564F5A /* [CP] Embed Pods Frameworks */,
			);
			buildRules = (
			);
			dependencies = (
				C3C1406024E86BC0005046E9 /* PBXTargetDependency */,
			);
			name = GradesGuruUITests;
			productName = GradesGuruUITests;
			productReference = C3C1405E24E86BC0005046E9 /* GradesGuruUITests.xctest */;
			productType = "com.apple.product-type.bundle.ui-testing";
		};
/* End PBXNativeTarget section */

/* Begin PBXProject section */
		C3C1403524E86BBC005046E9 /* Project object */ = {
			isa = PBXProject;
			attributes = {
				LastSwiftUpdateCheck = 1150;
				LastUpgradeCheck = 1150;
				ORGANIZATIONNAME = "iMac superpower";
				TargetAttributes = {
					C3C1403C24E86BBC005046E9 = {
						CreatedOnToolsVersion = 11.5;
					};
					C3C1405224E86BC0005046E9 = {
						CreatedOnToolsVersion = 11.5;
						TestTargetID = C3C1403C24E86BBC005046E9;
					};
					C3C1405D24E86BC0005046E9 = {
						CreatedOnToolsVersion = 11.5;
						TestTargetID = C3C1403C24E86BBC005046E9;
					};
				};
			};
			buildConfigurationList = C3C1403824E86BBC005046E9 /* Build configuration list for PBXProject "GradesGuru" */;
			compatibilityVersion = "Xcode 9.3";
			developmentRegion = en;
			hasScannedForEncodings = 0;
			knownRegions = (
				en,
				Base,
			);
			mainGroup = C3C1403424E86BBC005046E9;
			productRefGroup = C3C1403E24E86BBC005046E9 /* Products */;
			projectDirPath = "";
			projectRoot = "";
			targets = (
				C3C1403C24E86BBC005046E9 /* GradesGuru */,
				C3C1405224E86BC0005046E9 /* GradesGuruTests */,
				C3C1405D24E86BC0005046E9 /* GradesGuruUITests */,
			);
		};
/* End PBXProject section */

/* Begin PBXResourcesBuildPhase section */
		C3C1403B24E86BBC005046E9 /* Resources */ = {
			isa = PBXResourcesBuildPhase;
			buildActionMask = 2147483647;
			files = (
				C381EFBF2519F8A300C7E4C6 /* Muli-Bold.ttf in Resources */,
				C381EFC02519F8A300C7E4C6 /* Muli-ExtraBold.ttf in Resources */,
				C381EFC12519F8A300C7E4C6 /* Muli-BlackItalic.ttf in Resources */,
				C381EFC22519F8A300C7E4C6 /* Muli-Regular.ttf in Resources */,
				C381EFC32519F8A300C7E4C6 /* Muli-ExtraLightItalic.ttf in Resources */,
				C381EFC42519F8A300C7E4C6 /* Muli-Light.ttf in Resources */,
				C381EFC52519F8A300C7E4C6 /* Muli-Italic.ttf in Resources */,
				C381EFC62519F8A300C7E4C6 /* Muli-SemiBold.ttf in Resources */,
				C381EFC72519F8A300C7E4C6 /* Muli-ExtraBoldItalic.ttf in Resources */,
				C381EFC82519F8A300C7E4C6 /* Muli-LightItalic.ttf in Resources */,
				C381EFC92519F8A300C7E4C6 /* Muli-ExtraLight.ttf in Resources */,
				C381EFCA2519F8A300C7E4C6 /* Muli-SemiBoldItalic.ttf in Resources */,
				C381EFCB2519F8A300C7E4C6 /* Muli-Black.ttf in Resources */,
				C381EFCC2519F8A300C7E4C6 /* Muli-BoldItalic.ttf in Resources */,
				C3C1404D24E86BC0005046E9 /* LaunchScreen.storyboard in Resources */,
				C3C5598124E9A8AC00AAEC41 /* Login.storyboard in Resources */,
				C38D9B452511D8F800BE981A /* OnboardingImage.svg in Resources */,
				8EE21B712506C6000098795A /* GoogleService-Info.plist in Resources */,
				C3C1404A24E86BC0005046E9 /* Assets.xcassets in Resources */,
				C3C1404824E86BBC005046E9 /* Main.storyboard in Resources */,
			);
			runOnlyForDeploymentPostprocessing = 0;
		};
		C3C1405124E86BC0005046E9 /* Resources */ = {
			isa = PBXResourcesBuildPhase;
			buildActionMask = 2147483647;
			files = (
			);
			runOnlyForDeploymentPostprocessing = 0;
		};
		C3C1405C24E86BC0005046E9 /* Resources */ = {
			isa = PBXResourcesBuildPhase;
			buildActionMask = 2147483647;
			files = (
			);
			runOnlyForDeploymentPostprocessing = 0;
		};
/* End PBXResourcesBuildPhase section */

/* Begin PBXShellScriptBuildPhase section */
		0ABDFC7776A4EBB39E74E753 /* [CP] Check Pods Manifest.lock */ = {
			isa = PBXShellScriptBuildPhase;
			buildActionMask = 2147483647;
			files = (
			);
			inputFileListPaths = (
			);
			inputPaths = (
				"${PODS_PODFILE_DIR_PATH}/Podfile.lock",
				"${PODS_ROOT}/Manifest.lock",
			);
			name = "[CP] Check Pods Manifest.lock";
			outputFileListPaths = (
			);
			outputPaths = (
				"$(DERIVED_FILE_DIR)/Pods-GradesGuru-checkManifestLockResult.txt",
			);
			runOnlyForDeploymentPostprocessing = 0;
			shellPath = /bin/sh;
			shellScript = "diff \"${PODS_PODFILE_DIR_PATH}/Podfile.lock\" \"${PODS_ROOT}/Manifest.lock\" > /dev/null\nif [ $? != 0 ] ; then\n    # print error to STDERR\n    echo \"error: The sandbox is not in sync with the Podfile.lock. Run 'pod install' or update your CocoaPods installation.\" >&2\n    exit 1\nfi\n# This output is used by Xcode 'outputs' to avoid re-running this script phase.\necho \"SUCCESS\" > \"${SCRIPT_OUTPUT_FILE_0}\"\n";
			showEnvVarsInLog = 0;
		};
		156860A82B1392CB22564F5A /* [CP] Embed Pods Frameworks */ = {
			isa = PBXShellScriptBuildPhase;
			buildActionMask = 2147483647;
			files = (
			);
			inputFileListPaths = (
				"${PODS_ROOT}/Target Support Files/Pods-GradesGuru-GradesGuruUITests/Pods-GradesGuru-GradesGuruUITests-frameworks-${CONFIGURATION}-input-files.xcfilelist",
			);
			name = "[CP] Embed Pods Frameworks";
			outputFileListPaths = (
				"${PODS_ROOT}/Target Support Files/Pods-GradesGuru-GradesGuruUITests/Pods-GradesGuru-GradesGuruUITests-frameworks-${CONFIGURATION}-output-files.xcfilelist",
			);
			runOnlyForDeploymentPostprocessing = 0;
			shellPath = /bin/sh;
			shellScript = "\"${PODS_ROOT}/Target Support Files/Pods-GradesGuru-GradesGuruUITests/Pods-GradesGuru-GradesGuruUITests-frameworks.sh\"\n";
			showEnvVarsInLog = 0;
		};
		640251E6470E9251C707083D /* [CP] Check Pods Manifest.lock */ = {
			isa = PBXShellScriptBuildPhase;
			buildActionMask = 2147483647;
			files = (
			);
			inputFileListPaths = (
			);
			inputPaths = (
				"${PODS_PODFILE_DIR_PATH}/Podfile.lock",
				"${PODS_ROOT}/Manifest.lock",
			);
			name = "[CP] Check Pods Manifest.lock";
			outputFileListPaths = (
			);
			outputPaths = (
				"$(DERIVED_FILE_DIR)/Pods-GradesGuruTests-checkManifestLockResult.txt",
			);
			runOnlyForDeploymentPostprocessing = 0;
			shellPath = /bin/sh;
			shellScript = "diff \"${PODS_PODFILE_DIR_PATH}/Podfile.lock\" \"${PODS_ROOT}/Manifest.lock\" > /dev/null\nif [ $? != 0 ] ; then\n    # print error to STDERR\n    echo \"error: The sandbox is not in sync with the Podfile.lock. Run 'pod install' or update your CocoaPods installation.\" >&2\n    exit 1\nfi\n# This output is used by Xcode 'outputs' to avoid re-running this script phase.\necho \"SUCCESS\" > \"${SCRIPT_OUTPUT_FILE_0}\"\n";
			showEnvVarsInLog = 0;
		};
		A1C8501D546E05840B27C1BD /* [CP] Check Pods Manifest.lock */ = {
			isa = PBXShellScriptBuildPhase;
			buildActionMask = 2147483647;
			files = (
			);
			inputFileListPaths = (
			);
			inputPaths = (
				"${PODS_PODFILE_DIR_PATH}/Podfile.lock",
				"${PODS_ROOT}/Manifest.lock",
			);
			name = "[CP] Check Pods Manifest.lock";
			outputFileListPaths = (
			);
			outputPaths = (
				"$(DERIVED_FILE_DIR)/Pods-GradesGuru-GradesGuruUITests-checkManifestLockResult.txt",
			);
			runOnlyForDeploymentPostprocessing = 0;
			shellPath = /bin/sh;
			shellScript = "diff \"${PODS_PODFILE_DIR_PATH}/Podfile.lock\" \"${PODS_ROOT}/Manifest.lock\" > /dev/null\nif [ $? != 0 ] ; then\n    # print error to STDERR\n    echo \"error: The sandbox is not in sync with the Podfile.lock. Run 'pod install' or update your CocoaPods installation.\" >&2\n    exit 1\nfi\n# This output is used by Xcode 'outputs' to avoid re-running this script phase.\necho \"SUCCESS\" > \"${SCRIPT_OUTPUT_FILE_0}\"\n";
			showEnvVarsInLog = 0;
		};
		D85963A88839483782517B56 /* [CP] Embed Pods Frameworks */ = {
			isa = PBXShellScriptBuildPhase;
			buildActionMask = 2147483647;
			files = (
			);
			inputFileListPaths = (
				"${PODS_ROOT}/Target Support Files/Pods-GradesGuru/Pods-GradesGuru-frameworks-${CONFIGURATION}-input-files.xcfilelist",
			);
			name = "[CP] Embed Pods Frameworks";
			outputFileListPaths = (
				"${PODS_ROOT}/Target Support Files/Pods-GradesGuru/Pods-GradesGuru-frameworks-${CONFIGURATION}-output-files.xcfilelist",
			);
			runOnlyForDeploymentPostprocessing = 0;
			shellPath = /bin/sh;
			shellScript = "\"${PODS_ROOT}/Target Support Files/Pods-GradesGuru/Pods-GradesGuru-frameworks.sh\"\n";
			showEnvVarsInLog = 0;
		};
/* End PBXShellScriptBuildPhase section */

/* Begin PBXSourcesBuildPhase section */
		C3C1403924E86BBC005046E9 /* Sources */ = {
			isa = PBXSourcesBuildPhase;
			buildActionMask = 2147483647;
			files = (
				C381EFCE251A5DB400C7E4C6 /* HomeMaster.swift in Sources */,
				C3BEF0FE251912CB008BEFC1 /* GoProVC.swift in Sources */,
				C3C1407624E86E34005046E9 /* Centering.swift in Sources */,
				C381EFD7251A686500C7E4C6 /* SurfaceMaster.swift in Sources */,
				C3C1404524E86BBC005046E9 /* ViewController.swift in Sources */,
				C381EFD2251A640E00C7E4C6 /* CenteringDetails.swift in Sources */,
				C38D9B4D251279F500BE981A /* SideMenuTVC.swift in Sources */,
				C3C1404124E86BBC005046E9 /* AppDelegate.swift in Sources */,
				C381EFD4251A664800C7E4C6 /* CornersMaster.swift in Sources */,
				C3BEF0FC251910DF008BEFC1 /* AboutUsVC.swift in Sources */,
				C38D9B472512106D00BE981A /* LetsGo.swift in Sources */,
				C362423B252248DA00759DBB /* CardDetailsVC.swift in Sources */,
				C381EFD9251A6A2800C7E4C6 /* EdgesMaster.swift in Sources */,
				C38D9B492512732F00BE981A /* HomePageVC.swift in Sources */,
				C3C1407424E86E21005046E9 /* ScanImage.swift in Sources */,
				C34C5E81251380D60024BE54 /* sideMenuCell.swift in Sources */,
				C3C1407A24E86E56005046E9 /* Surface.swift in Sources */,
				C381EFDB251A6B3700C7E4C6 /* CardDetailsMaster.swift in Sources */,
				C352B2002515FC81004321F1 /* Users.swift in Sources */,
				C3C5597B24E8F98000AAEC41 /* Constants.swift in Sources */,
				C3C1407824E86E43005046E9 /* Corners.swift in Sources */,
				C381EFD0251A600100C7E4C6 /* ScanDetails.swift in Sources */,
				C3DCA239252CD7740001A3C0 /* SelectCellVC.swift in Sources */,
				C37642B4251BB358008F26C9 /* HomeTVCell.swift in Sources */,
				C3C1407C24E86E66005046E9 /* Edges.swift in Sources */,
				C36B24032511038B006ED6E3 /* InitialPageViewController.swift in Sources */,
				C3C1407E24E87BE2005046E9 /* GradeEstimate.swift in Sources */,
				C3C1404324E86BBC005046E9 /* SceneDelegate.swift in Sources */,
				C3C5598324E9BC0800AAEC41 /* LoginViewController.swift in Sources */,
			);
			runOnlyForDeploymentPostprocessing = 0;
		};
		C3C1404F24E86BC0005046E9 /* Sources */ = {
			isa = PBXSourcesBuildPhase;
			buildActionMask = 2147483647;
			files = (
				C3C1405824E86BC0005046E9 /* GradesGuruTests.swift in Sources */,
			);
			runOnlyForDeploymentPostprocessing = 0;
		};
		C3C1405A24E86BC0005046E9 /* Sources */ = {
			isa = PBXSourcesBuildPhase;
			buildActionMask = 2147483647;
			files = (
				C3C1406324E86BC0005046E9 /* GradesGuruUITests.swift in Sources */,
			);
			runOnlyForDeploymentPostprocessing = 0;
		};
/* End PBXSourcesBuildPhase section */

/* Begin PBXTargetDependency section */
		C3C1405524E86BC0005046E9 /* PBXTargetDependency */ = {
			isa = PBXTargetDependency;
			target = C3C1403C24E86BBC005046E9 /* GradesGuru */;
			targetProxy = C3C1405424E86BC0005046E9 /* PBXContainerItemProxy */;
		};
		C3C1406024E86BC0005046E9 /* PBXTargetDependency */ = {
			isa = PBXTargetDependency;
			target = C3C1403C24E86BBC005046E9 /* GradesGuru */;
			targetProxy = C3C1405F24E86BC0005046E9 /* PBXContainerItemProxy */;
		};
/* End PBXTargetDependency section */

/* Begin PBXVariantGroup section */
		C3C1404624E86BBC005046E9 /* Main.storyboard */ = {
			isa = PBXVariantGroup;
			children = (
				C3C1404724E86BBC005046E9 /* Base */,
			);
			name = Main.storyboard;
			sourceTree = "<group>";
		};
		C3C1404B24E86BC0005046E9 /* LaunchScreen.storyboard */ = {
			isa = PBXVariantGroup;
			children = (
				C3C1404C24E86BC0005046E9 /* Base */,
			);
			name = LaunchScreen.storyboard;
			sourceTree = "<group>";
		};
/* End PBXVariantGroup section */

/* Begin XCBuildConfiguration section */
		C3C1406524E86BC0005046E9 /* Debug */ = {
			isa = XCBuildConfiguration;
			buildSettings = {
				ALWAYS_SEARCH_USER_PATHS = NO;
				CLANG_ANALYZER_NONNULL = YES;
				CLANG_ANALYZER_NUMBER_OBJECT_CONVERSION = YES_AGGRESSIVE;
				CLANG_CXX_LANGUAGE_STANDARD = "gnu++14";
				CLANG_CXX_LIBRARY = "libc++";
				CLANG_ENABLE_MODULES = YES;
				CLANG_ENABLE_OBJC_ARC = YES;
				CLANG_ENABLE_OBJC_WEAK = YES;
				CLANG_WARN_BLOCK_CAPTURE_AUTORELEASING = YES;
				CLANG_WARN_BOOL_CONVERSION = YES;
				CLANG_WARN_COMMA = YES;
				CLANG_WARN_CONSTANT_CONVERSION = YES;
				CLANG_WARN_DEPRECATED_OBJC_IMPLEMENTATIONS = YES;
				CLANG_WARN_DIRECT_OBJC_ISA_USAGE = YES_ERROR;
				CLANG_WARN_DOCUMENTATION_COMMENTS = YES;
				CLANG_WARN_EMPTY_BODY = YES;
				CLANG_WARN_ENUM_CONVERSION = YES;
				CLANG_WARN_INFINITE_RECURSION = YES;
				CLANG_WARN_INT_CONVERSION = YES;
				CLANG_WARN_NON_LITERAL_NULL_CONVERSION = YES;
				CLANG_WARN_OBJC_IMPLICIT_RETAIN_SELF = YES;
				CLANG_WARN_OBJC_LITERAL_CONVERSION = YES;
				CLANG_WARN_OBJC_ROOT_CLASS = YES_ERROR;
				CLANG_WARN_RANGE_LOOP_ANALYSIS = YES;
				CLANG_WARN_STRICT_PROTOTYPES = YES;
				CLANG_WARN_SUSPICIOUS_MOVE = YES;
				CLANG_WARN_UNGUARDED_AVAILABILITY = YES_AGGRESSIVE;
				CLANG_WARN_UNREACHABLE_CODE = YES;
				CLANG_WARN__DUPLICATE_METHOD_MATCH = YES;
				COPY_PHASE_STRIP = NO;
				DEBUG_INFORMATION_FORMAT = dwarf;
				ENABLE_STRICT_OBJC_MSGSEND = YES;
				ENABLE_TESTABILITY = YES;
				GCC_C_LANGUAGE_STANDARD = gnu11;
				GCC_DYNAMIC_NO_PIC = NO;
				GCC_NO_COMMON_BLOCKS = YES;
				GCC_OPTIMIZATION_LEVEL = 0;
				GCC_PREPROCESSOR_DEFINITIONS = (
					"DEBUG=1",
					"$(inherited)",
				);
				GCC_WARN_64_TO_32_BIT_CONVERSION = YES;
				GCC_WARN_ABOUT_RETURN_TYPE = YES_ERROR;
				GCC_WARN_UNDECLARED_SELECTOR = YES;
				GCC_WARN_UNINITIALIZED_AUTOS = YES_AGGRESSIVE;
				GCC_WARN_UNUSED_FUNCTION = YES;
				GCC_WARN_UNUSED_VARIABLE = YES;
				IPHONEOS_DEPLOYMENT_TARGET = 13.5;
				MTL_ENABLE_DEBUG_INFO = INCLUDE_SOURCE;
				MTL_FAST_MATH = YES;
				ONLY_ACTIVE_ARCH = YES;
				SDKROOT = iphoneos;
				SWIFT_ACTIVE_COMPILATION_CONDITIONS = DEBUG;
				SWIFT_OPTIMIZATION_LEVEL = "-Onone";
			};
			name = Debug;
		};
		C3C1406624E86BC0005046E9 /* Release */ = {
			isa = XCBuildConfiguration;
			buildSettings = {
				ALWAYS_SEARCH_USER_PATHS = NO;
				CLANG_ANALYZER_NONNULL = YES;
				CLANG_ANALYZER_NUMBER_OBJECT_CONVERSION = YES_AGGRESSIVE;
				CLANG_CXX_LANGUAGE_STANDARD = "gnu++14";
				CLANG_CXX_LIBRARY = "libc++";
				CLANG_ENABLE_MODULES = YES;
				CLANG_ENABLE_OBJC_ARC = YES;
				CLANG_ENABLE_OBJC_WEAK = YES;
				CLANG_WARN_BLOCK_CAPTURE_AUTORELEASING = YES;
				CLANG_WARN_BOOL_CONVERSION = YES;
				CLANG_WARN_COMMA = YES;
				CLANG_WARN_CONSTANT_CONVERSION = YES;
				CLANG_WARN_DEPRECATED_OBJC_IMPLEMENTATIONS = YES;
				CLANG_WARN_DIRECT_OBJC_ISA_USAGE = YES_ERROR;
				CLANG_WARN_DOCUMENTATION_COMMENTS = YES;
				CLANG_WARN_EMPTY_BODY = YES;
				CLANG_WARN_ENUM_CONVERSION = YES;
				CLANG_WARN_INFINITE_RECURSION = YES;
				CLANG_WARN_INT_CONVERSION = YES;
				CLANG_WARN_NON_LITERAL_NULL_CONVERSION = YES;
				CLANG_WARN_OBJC_IMPLICIT_RETAIN_SELF = YES;
				CLANG_WARN_OBJC_LITERAL_CONVERSION = YES;
				CLANG_WARN_OBJC_ROOT_CLASS = YES_ERROR;
				CLANG_WARN_RANGE_LOOP_ANALYSIS = YES;
				CLANG_WARN_STRICT_PROTOTYPES = YES;
				CLANG_WARN_SUSPICIOUS_MOVE = YES;
				CLANG_WARN_UNGUARDED_AVAILABILITY = YES_AGGRESSIVE;
				CLANG_WARN_UNREACHABLE_CODE = YES;
				CLANG_WARN__DUPLICATE_METHOD_MATCH = YES;
				COPY_PHASE_STRIP = NO;
				DEBUG_INFORMATION_FORMAT = "dwarf-with-dsym";
				ENABLE_NS_ASSERTIONS = NO;
				ENABLE_STRICT_OBJC_MSGSEND = YES;
				GCC_C_LANGUAGE_STANDARD = gnu11;
				GCC_NO_COMMON_BLOCKS = YES;
				GCC_WARN_64_TO_32_BIT_CONVERSION = YES;
				GCC_WARN_ABOUT_RETURN_TYPE = YES_ERROR;
				GCC_WARN_UNDECLARED_SELECTOR = YES;
				GCC_WARN_UNINITIALIZED_AUTOS = YES_AGGRESSIVE;
				GCC_WARN_UNUSED_FUNCTION = YES;
				GCC_WARN_UNUSED_VARIABLE = YES;
				IPHONEOS_DEPLOYMENT_TARGET = 13.5;
				MTL_ENABLE_DEBUG_INFO = NO;
				MTL_FAST_MATH = YES;
				SDKROOT = iphoneos;
				SWIFT_COMPILATION_MODE = wholemodule;
				SWIFT_OPTIMIZATION_LEVEL = "-O";
				VALIDATE_PRODUCT = YES;
			};
			name = Release;
		};
		C3C1406824E86BC0005046E9 /* Debug */ = {
			isa = XCBuildConfiguration;
			baseConfigurationReference = 80EC47DE7E36AC310689C79F /* Pods-GradesGuru.debug.xcconfig */;
			buildSettings = {
				ASSETCATALOG_COMPILER_APPICON_NAME = AppIcon;
				CODE_SIGN_STYLE = Automatic;
				DEVELOPMENT_TEAM = XSJRRDKMW9;
				INFOPLIST_FILE = GradesGuru/Info.plist;
				LD_RUNPATH_SEARCH_PATHS = (
					"$(inherited)",
					"@executable_path/Frameworks",
				);
				PRODUCT_BUNDLE_IDENTIFIER = com.GG.Sportscard.GradesGuru;
				PRODUCT_NAME = "$(TARGET_NAME)";
				SWIFT_VERSION = 5.0;
				TARGETED_DEVICE_FAMILY = "1,2";
			};
			name = Debug;
		};
		C3C1406924E86BC0005046E9 /* Release */ = {
			isa = XCBuildConfiguration;
			baseConfigurationReference = CB0C566CD8FA040E584CEAC3 /* Pods-GradesGuru.release.xcconfig */;
			buildSettings = {
				ASSETCATALOG_COMPILER_APPICON_NAME = AppIcon;
				CODE_SIGN_STYLE = Automatic;
				DEVELOPMENT_TEAM = XSJRRDKMW9;
				INFOPLIST_FILE = GradesGuru/Info.plist;
				LD_RUNPATH_SEARCH_PATHS = (
					"$(inherited)",
					"@executable_path/Frameworks",
				);
				PRODUCT_BUNDLE_IDENTIFIER = com.GG.Sportscard.GradesGuru;
				PRODUCT_NAME = "$(TARGET_NAME)";
				SWIFT_VERSION = 5.0;
				TARGETED_DEVICE_FAMILY = "1,2";
			};
			name = Release;
		};
		C3C1406B24E86BC0005046E9 /* Debug */ = {
			isa = XCBuildConfiguration;
			baseConfigurationReference = B5EB8F279B28A894C2190EA7 /* Pods-GradesGuruTests.debug.xcconfig */;
			buildSettings = {
				ALWAYS_EMBED_SWIFT_STANDARD_LIBRARIES = YES;
				BUNDLE_LOADER = "$(TEST_HOST)";
				CODE_SIGN_STYLE = Automatic;
				DEVELOPMENT_TEAM = XSJRRDKMW9;
				INFOPLIST_FILE = GradesGuruTests/Info.plist;
				IPHONEOS_DEPLOYMENT_TARGET = 13.5;
				LD_RUNPATH_SEARCH_PATHS = (
					"$(inherited)",
					"@executable_path/Frameworks",
					"@loader_path/Frameworks",
				);
				PRODUCT_BUNDLE_IDENTIFIER = com.GG.Sportscard.GradesGuruTests;
				PRODUCT_NAME = "$(TARGET_NAME)";
				SWIFT_VERSION = 5.0;
				TARGETED_DEVICE_FAMILY = "1,2";
				TEST_HOST = "$(BUILT_PRODUCTS_DIR)/GradesGuru.app/GradesGuru";
			};
			name = Debug;
		};
		C3C1406C24E86BC0005046E9 /* Release */ = {
			isa = XCBuildConfiguration;
			baseConfigurationReference = 30DB77B627F6E9FA6B83DC02 /* Pods-GradesGuruTests.release.xcconfig */;
			buildSettings = {
				ALWAYS_EMBED_SWIFT_STANDARD_LIBRARIES = YES;
				BUNDLE_LOADER = "$(TEST_HOST)";
				CODE_SIGN_STYLE = Automatic;
				DEVELOPMENT_TEAM = XSJRRDKMW9;
				INFOPLIST_FILE = GradesGuruTests/Info.plist;
				IPHONEOS_DEPLOYMENT_TARGET = 13.5;
				LD_RUNPATH_SEARCH_PATHS = (
					"$(inherited)",
					"@executable_path/Frameworks",
					"@loader_path/Frameworks",
				);
				PRODUCT_BUNDLE_IDENTIFIER = com.GG.Sportscard.GradesGuruTests;
				PRODUCT_NAME = "$(TARGET_NAME)";
				SWIFT_VERSION = 5.0;
				TARGETED_DEVICE_FAMILY = "1,2";
				TEST_HOST = "$(BUILT_PRODUCTS_DIR)/GradesGuru.app/GradesGuru";
			};
			name = Release;
		};
		C3C1406E24E86BC0005046E9 /* Debug */ = {
			isa = XCBuildConfiguration;
			baseConfigurationReference = B7A8061A4E4F7A70D59F7919 /* Pods-GradesGuru-GradesGuruUITests.debug.xcconfig */;
			buildSettings = {
				ALWAYS_EMBED_SWIFT_STANDARD_LIBRARIES = YES;
				CODE_SIGN_STYLE = Automatic;
				DEVELOPMENT_TEAM = XSJRRDKMW9;
				INFOPLIST_FILE = GradesGuruUITests/Info.plist;
				LD_RUNPATH_SEARCH_PATHS = (
					"$(inherited)",
					"@executable_path/Frameworks",
					"@loader_path/Frameworks",
				);
				PRODUCT_BUNDLE_IDENTIFIER = com.GG.Sportscard.GradesGuruUITests;
				PRODUCT_NAME = "$(TARGET_NAME)";
				SWIFT_VERSION = 5.0;
				TARGETED_DEVICE_FAMILY = "1,2";
				TEST_TARGET_NAME = GradesGuru;
			};
			name = Debug;
		};
		C3C1406F24E86BC0005046E9 /* Release */ = {
			isa = XCBuildConfiguration;
			baseConfigurationReference = 8BAF3B5A8AD3D1297850B152 /* Pods-GradesGuru-GradesGuruUITests.release.xcconfig */;
			buildSettings = {
				ALWAYS_EMBED_SWIFT_STANDARD_LIBRARIES = YES;
				CODE_SIGN_STYLE = Automatic;
				DEVELOPMENT_TEAM = XSJRRDKMW9;
				INFOPLIST_FILE = GradesGuruUITests/Info.plist;
				LD_RUNPATH_SEARCH_PATHS = (
					"$(inherited)",
					"@executable_path/Frameworks",
					"@loader_path/Frameworks",
				);
				PRODUCT_BUNDLE_IDENTIFIER = com.GG.Sportscard.GradesGuruUITests;
				PRODUCT_NAME = "$(TARGET_NAME)";
				SWIFT_VERSION = 5.0;
				TARGETED_DEVICE_FAMILY = "1,2";
				TEST_TARGET_NAME = GradesGuru;
			};
			name = Release;
		};
/* End XCBuildConfiguration section */

/* Begin XCConfigurationList section */
		C3C1403824E86BBC005046E9 /* Build configuration list for PBXProject "GradesGuru" */ = {
			isa = XCConfigurationList;
			buildConfigurations = (
				C3C1406524E86BC0005046E9 /* Debug */,
				C3C1406624E86BC0005046E9 /* Release */,
			);
			defaultConfigurationIsVisible = 0;
			defaultConfigurationName = Release;
		};
		C3C1406724E86BC0005046E9 /* Build configuration list for PBXNativeTarget "GradesGuru" */ = {
			isa = XCConfigurationList;
			buildConfigurations = (
				C3C1406824E86BC0005046E9 /* Debug */,
				C3C1406924E86BC0005046E9 /* Release */,
			);
			defaultConfigurationIsVisible = 0;
			defaultConfigurationName = Release;
		};
		C3C1406A24E86BC0005046E9 /* Build configuration list for PBXNativeTarget "GradesGuruTests" */ = {
			isa = XCConfigurationList;
			buildConfigurations = (
				C3C1406B24E86BC0005046E9 /* Debug */,
				C3C1406C24E86BC0005046E9 /* Release */,
			);
			defaultConfigurationIsVisible = 0;
			defaultConfigurationName = Release;
		};
		C3C1406D24E86BC0005046E9 /* Build configuration list for PBXNativeTarget "GradesGuruUITests" */ = {
			isa = XCConfigurationList;
			buildConfigurations = (
				C3C1406E24E86BC0005046E9 /* Debug */,
				C3C1406F24E86BC0005046E9 /* Release */,
			);
			defaultConfigurationIsVisible = 0;
			defaultConfigurationName = Release;
		};
/* End XCConfigurationList section */
	};
	rootObject = C3C1403524E86BBC005046E9 /* Project object */;
}
